
Microsoft Visual Studio Solution File, Format Version 12.00
# Visual Studio 15
VisualStudioVersion = 15.0.27703.2018
MinimumVisualStudioVersion = 10.0.40219.1
Project("{9A19103F-16F7-4668-BE54-9A1E7A4F7556}") = "Ceras", "src\Ceras\Ceras.csproj", "{F246878A-DA0D-4177-9625-915091427FCB}"
EndProject
Project("{9A19103F-16F7-4668-BE54-9A1E7A4F7556}") = "Ceras.Test", "tests\Ceras.Test\Ceras.Test.csproj", "{E59951A0-E2F1-469F-9C8B-8A1690642FBA}"
EndProject
Project("{9A19103F-16F7-4668-BE54-9A1E7A4F7556}") = "LiveTesting", "samples\LiveTesting\LiveTesting.csproj", "{AA8421BE-A728-4CC3-AFF5-C62C49F8D52D}"
EndProject
Project("{FAE04EC0-301F-11D3-BF4B-00C04F79EFBC}") = "NetworkExample", "NetworkExample\NetworkExample.csproj", "{8B7A4B59-D282-4560-91FE-9B4EB5601503}"
EndProject
Global
	GlobalSection(SolutionConfigurationPlatforms) = preSolution
		Debug|Any CPU = Debug|Any CPU
		Release|Any CPU = Release|Any CPU
	EndGlobalSection
	GlobalSection(ProjectConfigurationPlatforms) = postSolution
		{F246878A-DA0D-4177-9625-915091427FCB}.Debug|Any CPU.ActiveCfg = Debug|Any CPU
		{F246878A-DA0D-4177-9625-915091427FCB}.Debug|Any CPU.Build.0 = Debug|Any CPU
		{F246878A-DA0D-4177-9625-915091427FCB}.Release|Any CPU.ActiveCfg = Release|Any CPU
		{F246878A-DA0D-4177-9625-915091427FCB}.Release|Any CPU.Build.0 = Release|Any CPU
		{E59951A0-E2F1-469F-9C8B-8A1690642FBA}.Debug|Any CPU.ActiveCfg = Debug|Any CPU
		{E59951A0-E2F1-469F-9C8B-8A1690642FBA}.Debug|Any CPU.Build.0 = Debug|Any CPU
		{E59951A0-E2F1-469F-9C8B-8A1690642FBA}.Release|Any CPU.ActiveCfg = Release|Any CPU
		{E59951A0-E2F1-469F-9C8B-8A1690642FBA}.Release|Any CPU.Build.0 = Release|Any CPU
		{AA8421BE-A728-4CC3-AFF5-C62C49F8D52D}.Debug|Any CPU.ActiveCfg = Debug|Any CPU
		{AA8421BE-A728-4CC3-AFF5-C62C49F8D52D}.Debug|Any CPU.Build.0 = Debug|Any CPU
		{AA8421BE-A728-4CC3-AFF5-C62C49F8D52D}.Release|Any CPU.ActiveCfg = Release|Any CPU
		{AA8421BE-A728-4CC3-AFF5-C62C49F8D52D}.Release|Any CPU.Build.0 = Release|Any CPU
		{8B7A4B59-D282-4560-91FE-9B4EB5601503}.Debug|Any CPU.ActiveCfg = Debug|Any CPU
		{8B7A4B59-D282-4560-91FE-9B4EB5601503}.Debug|Any CPU.Build.0 = Debug|Any CPU
		{8B7A4B59-D282-4560-91FE-9B4EB5601503}.Release|Any CPU.ActiveCfg = Release|Any CPU
		{8B7A4B59-D282-4560-91FE-9B4EB5601503}.Release|Any CPU.Build.0 = Release|Any CPU
	EndGlobalSection
	GlobalSection(SolutionProperties) = preSolution
		HideSolutionNode = FALSE
	EndGlobalSection
	GlobalSection(ExtensibilityGlobals) = postSolution
		SolutionGuid = {CD3F58FB-923B-4483-AD03-D21BEFE0C653}
	EndGlobalSection
EndGlobal
