
Microsoft Visual Studio Solution File, Format Version 12.00
# Visual Studio 15
VisualStudioVersion = 15.0.27703.2018
MinimumVisualStudioVersion = 10.0.40219.1
Project("{9A19103F-16F7-4668-BE54-9A1E7A4F7556}") = "Ceras", "src\Ceras\Ceras.csproj", "{F246878A-DA0D-4177-9625-915091427FCB}"
EndProject
Project("{9A19103F-16F7-4668-BE54-9A1E7A4F7556}") = "Ceras.Test", "tests\Ceras.Test\Ceras.Test.csproj", "{E59951A0-E2F1-469F-9C8B-8A1690642FBA}"
EndProject
Project("{9A19103F-16F7-4668-BE54-9A1E7A4F7556}") = "LiveTesting", "samples\LiveTesting\LiveTesting.csproj", "{AA8421BE-A728-4CC3-AFF5-C62C49F8D52D}"
EndProject
Project("{9A19103F-16F7-4668-BE54-9A1E7A4F7556}") = "NetworkExample", "samples\NetworkExample\NetworkExample.csproj", "{253C209F-C674-4519-88FF-E9E452A6BA1A}"
EndProject
Project("{2150E333-8FDC-42A3-9474-1A3956D46DE8}") = "Samples", "Samples", "{4B233565-8D04-407A-A3A1-DD1FCE0146A6}"
EndProject
Project("{9A19103F-16F7-4668-BE54-9A1E7A4F7556}") = "BinaryDemo", "samples\BinaryDemo\BinaryDemo.csproj", "{AF7DEF66-8C40-4DB8-B67A-843A19F9C821}"
EndProject
Project("{2150E333-8FDC-42A3-9474-1A3956D46DE8}") = "Tests", "Tests", "{6765D856-DB60-4D76-AB22-20252F870E6F}"
EndProject
Project("{9A19103F-16F7-4668-BE54-9A1E7A4F7556}") = "Ceras.AotGenerator", "src\Ceras.AotGenerator\Ceras.AotGenerator.csproj", "{7EC30F99-32D0-4608-9F46-8A1AC70C174E}"
EndProject
Project("{9A19103F-16F7-4668-BE54-9A1E7A4F7556}") = "Ceras.ImmutableCollections", "src\Ceras.ImmutableCollections\Ceras.ImmutableCollections.csproj", "{B501B391-9D31-49ED-9B81-996DDB08059C}"
EndProject
Project("{FAE04EC0-301F-11D3-BF4B-00C04F79EFBC}") = "Ceras.TestDebugger", "tests\Ceras.TestDebugger\Ceras.TestDebugger.csproj", "{677C2BAF-61EC-4DE1-83C3-59EA9D9143C2}"
EndProject
Global
	GlobalSection(SolutionConfigurationPlatforms) = preSolution
		Debug|Any CPU = Debug|Any CPU
		Release|Any CPU = Release|Any CPU
	EndGlobalSection
	GlobalSection(ProjectConfigurationPlatforms) = postSolution
		{F246878A-DA0D-4177-9625-915091427FCB}.Debug|Any CPU.ActiveCfg = Debug|Any CPU
		{F246878A-DA0D-4177-9625-915091427FCB}.Debug|Any CPU.Build.0 = Debug|Any CPU
		{F246878A-DA0D-4177-9625-915091427FCB}.Release|Any CPU.ActiveCfg = Release|Any CPU
		{F246878A-DA0D-4177-9625-915091427FCB}.Release|Any CPU.Build.0 = Release|Any CPU
		{E59951A0-E2F1-469F-9C8B-8A1690642FBA}.Debug|Any CPU.ActiveCfg = Debug|Any CPU
		{E59951A0-E2F1-469F-9C8B-8A1690642FBA}.Debug|Any CPU.Build.0 = Debug|Any CPU
		{E59951A0-E2F1-469F-9C8B-8A1690642FBA}.Release|Any CPU.ActiveCfg = Release|Any CPU
		{E59951A0-E2F1-469F-9C8B-8A1690642FBA}.Release|Any CPU.Build.0 = Release|Any CPU
		{AA8421BE-A728-4CC3-AFF5-C62C49F8D52D}.Debug|Any CPU.ActiveCfg = Debug|Any CPU
		{AA8421BE-A728-4CC3-AFF5-C62C49F8D52D}.Debug|Any CPU.Build.0 = Debug|Any CPU
		{AA8421BE-A728-4CC3-AFF5-C62C49F8D52D}.Release|Any CPU.ActiveCfg = Release|Any CPU
		{AA8421BE-A728-4CC3-AFF5-C62C49F8D52D}.Release|Any CPU.Build.0 = Release|Any CPU
		{253C209F-C674-4519-88FF-E9E452A6BA1A}.Debug|Any CPU.ActiveCfg = Debug|Any CPU
		{253C209F-C674-4519-88FF-E9E452A6BA1A}.Debug|Any CPU.Build.0 = Debug|Any CPU
		{253C209F-C674-4519-88FF-E9E452A6BA1A}.Release|Any CPU.ActiveCfg = Release|Any CPU
		{253C209F-C674-4519-88FF-E9E452A6BA1A}.Release|Any CPU.Build.0 = Release|Any CPU
		{AF7DEF66-8C40-4DB8-B67A-843A19F9C821}.Debug|Any CPU.ActiveCfg = Debug|Any CPU
		{AF7DEF66-8C40-4DB8-B67A-843A19F9C821}.Debug|Any CPU.Build.0 = Debug|Any CPU
		{AF7DEF66-8C40-4DB8-B67A-843A19F9C821}.Release|Any CPU.ActiveCfg = Release|Any CPU
		{AF7DEF66-8C40-4DB8-B67A-843A19F9C821}.Release|Any CPU.Build.0 = Release|Any CPU
		{7EC30F99-32D0-4608-9F46-8A1AC70C174E}.Debug|Any CPU.ActiveCfg = Debug|Any CPU
		{7EC30F99-32D0-4608-9F46-8A1AC70C174E}.Debug|Any CPU.Build.0 = Debug|Any CPU
		{7EC30F99-32D0-4608-9F46-8A1AC70C174E}.Release|Any CPU.ActiveCfg = Release|Any CPU
		{7EC30F99-32D0-4608-9F46-8A1AC70C174E}.Release|Any CPU.Build.0 = Release|Any CPU
		{B501B391-9D31-49ED-9B81-996DDB08059C}.Debug|Any CPU.ActiveCfg = Debug|Any CPU
		{B501B391-9D31-49ED-9B81-996DDB08059C}.Debug|Any CPU.Build.0 = Debug|Any CPU
		{B501B391-9D31-49ED-9B81-996DDB08059C}.Release|Any CPU.ActiveCfg = Release|Any CPU
		{B501B391-9D31-49ED-9B81-996DDB08059C}.Release|Any CPU.Build.0 = Release|Any CPU
		{677C2BAF-61EC-4DE1-83C3-59EA9D9143C2}.Debug|Any CPU.ActiveCfg = Debug|Any CPU
		{677C2BAF-61EC-4DE1-83C3-59EA9D9143C2}.Debug|Any CPU.Build.0 = Debug|Any CPU
		{677C2BAF-61EC-4DE1-83C3-59EA9D9143C2}.Release|Any CPU.ActiveCfg = Release|Any CPU
		{677C2BAF-61EC-4DE1-83C3-59EA9D9143C2}.Release|Any CPU.Build.0 = Release|Any CPU
	EndGlobalSection
	GlobalSection(SolutionProperties) = preSolution
		HideSolutionNode = FALSE
	EndGlobalSection
	GlobalSection(NestedProjects) = preSolution
		{E59951A0-E2F1-469F-9C8B-8A1690642FBA} = {6765D856-DB60-4D76-AB22-20252F870E6F}
		{253C209F-C674-4519-88FF-E9E452A6BA1A} = {4B233565-8D04-407A-A3A1-DD1FCE0146A6}
		{AF7DEF66-8C40-4DB8-B67A-843A19F9C821} = {4B233565-8D04-407A-A3A1-DD1FCE0146A6}
		{677C2BAF-61EC-4DE1-83C3-59EA9D9143C2} = {6765D856-DB60-4D76-AB22-20252F870E6F}
	EndGlobalSection
	GlobalSection(ExtensibilityGlobals) = postSolution
		SolutionGuid = {CD3F58FB-923B-4483-AD03-D21BEFE0C653}
	EndGlobalSection
EndGlobal
