
Microsoft Visual Studio Solution File, Format Version 12.00
# Visual Studio 15
VisualStudioVersion = 15.0.28307.271
MinimumVisualStudioVersion = 10.0.40219.1
Project("{9A19103F-16F7-4668-BE54-9A1E7A4F7556}") = "Ceras.UnityFormatters", "Ceras.UnityFormatters.csproj", "{EEA329FA-822D-4DFE-80FD-C812C129B202}"
EndProject
Global
	GlobalSection(SolutionConfigurationPlatforms) = preSolution
		Debug|Any CPU = Debug|Any CPU
		Release|Any CPU = Release|Any CPU
	EndGlobalSection
	GlobalSection(ProjectConfigurationPlatforms) = postSolution
		{EEA329FA-822D-4DFE-80FD-C812C129B202}.Debug|Any CPU.ActiveCfg = Debug|Any CPU
		{EEA329FA-822D-4DFE-80FD-C812C129B202}.Debug|Any CPU.Build.0 = Debug|Any CPU
		{EEA329FA-822D-4DFE-80FD-C812C129B202}.Release|Any CPU.ActiveCfg = Release|Any CPU
		{EEA329FA-822D-4DFE-80FD-C812C129B202}.Release|Any CPU.Build.0 = Release|Any CPU
	EndGlobalSection
	GlobalSection(SolutionProperties) = preSolution
		HideSolutionNode = FALSE
	EndGlobalSection
	GlobalSection(ExtensibilityGlobals) = postSolution
		SolutionGuid = {0972A34F-4F93-4A57-8CAD-5D79F2820356}
	EndGlobalSection
EndGlobal
